
Microsoft Visual Studio Solution File, Format Version 12.00
# Visual Studio Version 16
VisualStudioVersion = 16.0.30128.74
MinimumVisualStudioVersion = 10.0.40219.1
Project("{FAE04EC0-301F-11D3-BF4B-00C04F79EFBC}") = "Ernie", "Ernie\Ernie.csproj", "{8E1DB8B5-F173-468B-A987-AC31C617A144}"
EndProject
Global
	GlobalSection(SolutionConfigurationPlatforms) = preSolution
		Debug|Any CPU = Debug|Any CPU
		Release|Any CPU = Release|Any CPU
	EndGlobalSection
	GlobalSection(ProjectConfigurationPlatforms) = postSolution
		{8E1DB8B5-F173-468B-A987-AC31C617A144}.Debug|Any CPU.ActiveCfg = Debug|Any CPU
		{8E1DB8B5-F173-468B-A987-AC31C617A144}.Debug|Any CPU.Build.0 = Debug|Any CPU
		{8E1DB8B5-F173-468B-A987-AC31C617A144}.Release|Any CPU.ActiveCfg = Release|Any CPU
		{8E1DB8B5-F173-468B-A987-AC31C617A144}.Release|Any CPU.Build.0 = Release|Any CPU
	EndGlobalSection
	GlobalSection(SolutionProperties) = preSolution
		HideSolutionNode = FALSE
	EndGlobalSection
	GlobalSection(ExtensibilityGlobals) = postSolution
		SolutionGuid = {384BC2A5-2132-4723-879A-9B4BEC86F9B5}
	EndGlobalSection
EndGlobal
